
Microsoft Visual Studio Solution File, Format Version 12.00
# Visual Studio Version 16
VisualStudioVersion = 16.0.33529.622
MinimumVisualStudioVersion = 10.0.40219.1
Project("{FAE04EC0-301F-11D3-BF4B-00C04F79EFBC}") = "DZ_3", "DZ_3\DZ_3.csproj", "{F35BEBB7-72BA-4851-BB10-98C45371B333}"
EndProject
Project("{FAE04EC0-301F-11D3-BF4B-00C04F79EFBC}") = "DZ_3.2", "DZ_3.2\DZ_3.2.csproj", "{8DFCF67C-CA00-4DEB-8CBA-9F0E0993A007}"
EndProject
Global
	GlobalSection(SolutionConfigurationPlatforms) = preSolution
		Debug|Any CPU = Debug|Any CPU
		Release|Any CPU = Release|Any CPU
	EndGlobalSection
	GlobalSection(ProjectConfigurationPlatforms) = postSolution
		{F35BEBB7-72BA-4851-BB10-98C45371B333}.Debug|Any CPU.ActiveCfg = Debug|Any CPU
		{F35BEBB7-72BA-4851-BB10-98C45371B333}.Debug|Any CPU.Build.0 = Debug|Any CPU
		{F35BEBB7-72BA-4851-BB10-98C45371B333}.Release|Any CPU.ActiveCfg = Release|Any CPU
		{F35BEBB7-72BA-4851-BB10-98C45371B333}.Release|Any CPU.Build.0 = Release|Any CPU
		{8DFCF67C-CA00-4DEB-8CBA-9F0E0993A007}.Debug|Any CPU.ActiveCfg = Debug|Any CPU
		{8DFCF67C-CA00-4DEB-8CBA-9F0E0993A007}.Debug|Any CPU.Build.0 = Debug|Any CPU
		{8DFCF67C-CA00-4DEB-8CBA-9F0E0993A007}.Release|Any CPU.ActiveCfg = Release|Any CPU
		{8DFCF67C-CA00-4DEB-8CBA-9F0E0993A007}.Release|Any CPU.Build.0 = Release|Any CPU
	EndGlobalSection
	GlobalSection(SolutionProperties) = preSolution
		HideSolutionNode = FALSE
	EndGlobalSection
	GlobalSection(ExtensibilityGlobals) = postSolution
		SolutionGuid = {176B92A6-0C63-4192-A480-FB08AFF5711A}
	EndGlobalSection
EndGlobal
